<?xml version="1.0" encoding="utf-8"?>
<Project ToolsVersion="4.0" xmlns="http://schemas.microsoft.com/developer/msbuild/2003">
  <ItemGroup>
    <Filter Include="소스 파일">
      <UniqueIdentifier>{4FC737F1-C7A5-4376-A066-2A32D752A2FF}</UniqueIdentifier>
      <Extensions>cpp;c;cc;cxx;c++;cppm;ixx;def;odl;idl;hpj;bat;asm;asmx</Extensions>
    </Filter>
    <Filter Include="헤더 파일">
      <UniqueIdentifier>{93995380-89BD-4b04-88EB-625FBE52EBFB}</UniqueIdentifier>
      <Extensions>h;hh;hpp;hxx;h++;hm;inl;inc;ipp;xsd</Extensions>
    </Filter>
    <Filter Include="리소스 파일">
      <UniqueIdentifier>{67DA6AB6-F800-4c08-8B7A-83BB121AAD01}</UniqueIdentifier>
      <Extensions>rc;ico;cur;bmp;dlg;rc2;rct;bin;rgs;gif;jpg;jpeg;jpe;resx;tiff;tif;png;wav;mfcribbon-ms</Extensions>
    </Filter>
  </ItemGroup>
  <ItemGroup>
    <ClCompile Include="source.cpp">
      <Filter>소스 파일</Filter>
    </ClCompile>
    <ClCompile Include="소스.cpp">
      <Filter>소스 파일</Filter>
    </ClCompile>
    <ClCompile Include="53.cpp">
      <Filter>소스 파일</Filter>
    </ClCompile>
    <ClCompile Include="54cpp.cpp">
      <Filter>소스 파일</Filter>
    </ClCompile>
    <ClCompile Include="55.cpp">
      <Filter>소스 파일</Filter>
    </ClCompile>
    <ClCompile Include="56-1.cpp">
      <Filter>소스 파일</Filter>
    </ClCompile>
    <ClCompile Include="56-2.cpp">
      <Filter>소스 파일</Filter>
    </ClCompile>
    <ClCompile Include="57-1.cpp">
      <Filter>소스 파일</Filter>
    </ClCompile>
    <ClCompile Include="57-2.cpp">
      <Filter>소스 파일</Filter>
    </ClCompile>
    <ClCompile Include="58-1.cpp">
      <Filter>소스 파일</Filter>
    </ClCompile>
    <ClCompile Include="59.cpp">
      <Filter>소스 파일</Filter>
    </ClCompile>
    <ClCompile Include="60.cpp">
      <Filter>소스 파일</Filter>
    </ClCompile>
    <ClCompile Include="61.cpp">
      <Filter>소스 파일</Filter>
    </ClCompile>
    <ClCompile Include="62.cpp">
      <Filter>소스 파일</Filter>
    </ClCompile>
    <ClCompile Include="63.cpp">
      <Filter>소스 파일</Filter>
    </ClCompile>
    <ClCompile Include="64.cpp">
      <Filter>소스 파일</Filter>
    </ClCompile>
    <ClCompile Include="65.cpp">
      <Filter>소스 파일</Filter>
    </ClCompile>
    <ClCompile Include="65-2.cpp">
      <Filter>소스 파일</Filter>
    </ClCompile>
    <ClCompile Include="65-3.cpp">
      <Filter>소스 파일</Filter>
    </ClCompile>
    <ClCompile Include="66.cpp">
      <Filter>소스 파일</Filter>
    </ClCompile>
    <ClCompile Include="66-1.cpp">
      <Filter>소스 파일</Filter>
    </ClCompile>
    <ClCompile Include="67.cpp">
      <Filter>소스 파일</Filter>
    </ClCompile>
    <ClCompile Include="68.cpp">
      <Filter>소스 파일</Filter>
    </ClCompile>
    <ClCompile Include="69.cpp">
      <Filter>소스 파일</Filter>
    </ClCompile>
    <ClCompile Include="70.cpp">
      <Filter>소스 파일</Filter>
    </ClCompile>
    <ClCompile Include="71.cpp">
      <Filter>소스 파일</Filter>
    </ClCompile>
    <ClCompile Include="72.cpp">
      <Filter>소스 파일</Filter>
    </ClCompile>
    <ClCompile Include="73.cpp">
      <Filter>소스 파일</Filter>
    </ClCompile>
    <ClCompile Include="74.cpp">
      <Filter>소스 파일</Filter>
    </ClCompile>
    <ClCompile Include="75.cpp">
      <Filter>소스 파일</Filter>
    </ClCompile>
    <ClCompile Include="75-1.cpp">
      <Filter>소스 파일</Filter>
    </ClCompile>
    <ClCompile Include="76_before.cpp">
      <Filter>소스 파일</Filter>
    </ClCompile>
    <ClCompile Include="76_after.cpp">
      <Filter>소스 파일</Filter>
    </ClCompile>
    <ClCompile Include="77.cpp">
      <Filter>소스 파일</Filter>
    </ClCompile>
    <ClCompile Include="77-1.cpp">
      <Filter>소스 파일</Filter>
    </ClCompile>
    <ClCompile Include="78.cpp">
      <Filter>소스 파일</Filter>
    </ClCompile>
    <ClCompile Include="79.cpp">
      <Filter>소스 파일</Filter>
    </ClCompile>
    <ClCompile Include="80.cpp">
      <Filter>소스 파일</Filter>
    </ClCompile>
    <ClCompile Include="80-1.cpp">
      <Filter>소스 파일</Filter>
    </ClCompile>
    <ClCompile Include="81.cpp">
      <Filter>소스 파일</Filter>
    </ClCompile>
    <ClCompile Include="82.cpp">
      <Filter>소스 파일</Filter>
    </ClCompile>
    <ClCompile Include="83.cpp">
      <Filter>소스 파일</Filter>
    </ClCompile>
    <ClCompile Include="84.cpp">
      <Filter>소스 파일</Filter>
    </ClCompile>
    <ClCompile Include="84-1.cpp">
      <Filter>소스 파일</Filter>
    </ClCompile>
    <ClCompile Include="85-86.cpp">
      <Filter>소스 파일</Filter>
    </ClCompile>
  </ItemGroup>
</Project>